
Microsoft Visual Studio Solution File, Format Version 12.00
# Visual Studio Version 16
VisualStudioVersion = 16.0.31320.298
MinimumVisualStudioVersion = 10.0.40219.1
Project("{9A19103F-16F7-4668-BE54-9A1E7A4F7556}") = "Uno.CodeGen", "Uno.CodeGen\Uno.CodeGen.csproj", "{7A05DD54-F3F1-4A48-97A5-1A5F45D9F315}"
EndProject
Project("{9A19103F-16F7-4668-BE54-9A1E7A4F7556}") = "Uno.CodeGen.Tests", "Uno.CodeGen.Tests\Uno.CodeGen.Tests.csproj", "{AB977C38-BF77-42E2-A10C-335C261E0E03}"
	ProjectSection(ProjectDependencies) = postProject
		{7A05DD54-F3F1-4A48-97A5-1A5F45D9F315} = {7A05DD54-F3F1-4A48-97A5-1A5F45D9F315}
	EndProjectSection
EndProject
Project("{9A19103F-16F7-4668-BE54-9A1E7A4F7556}") = "Uno.Immutables", "Uno.Immutables\Uno.Immutables.csproj", "{6D6DD983-D919-4CE0-88FC-26FBF34FC763}"
EndProject
Project("{9A19103F-16F7-4668-BE54-9A1E7A4F7556}") = "Uno.Equality", "Uno.Equality\Uno.Equality.csproj", "{0F785D54-1A9B-4B3A-AEB2-B40FE8C81577}"
EndProject
Project("{2150E333-8FDC-42A3-9474-1A3956D46DE8}") = "Doc", "Doc", "{0C1D81C9-BE02-4D97-999D-D2079A5F8CDA}"
	ProjectSection(SolutionItems) = preProject
		..\doc\Class Lifecycle Generation.md = ..\doc\Class Lifecycle Generation.md
		..\doc\Equality Generation.md = ..\doc\Equality Generation.md
		..\doc\Immutable Generation.md = ..\doc\Immutable Generation.md
		..\doc\Injectable Generation.md = ..\doc\Injectable Generation.md
		..\readme.md = ..\readme.md
	EndProjectSection
EndProject
Project("{9A19103F-16F7-4668-BE54-9A1E7A4F7556}") = "Uno.ClassLifecycle", "Uno.ClassLifecycle\Uno.ClassLifecycle.csproj", "{00249E44-CF67-4358-AB2C-D55AF528DAC0}"
EndProject
Project("{9A19103F-16F7-4668-BE54-9A1E7A4F7556}") = "Uno.CodeGen.ClassLifecycle", "Uno.CodeGen.ClassLifecycle\Uno.CodeGen.ClassLifecycle.csproj", "{3F7D2A75-2FBE-4B2C-AB93-1FBF7EFFE3C9}"
EndProject
Project("{9A19103F-16F7-4668-BE54-9A1E7A4F7556}") = "Uno.CodeGen.Tests.ExternalClasses", "Uno.CodeGen.Tests.ExternalClasses\Uno.CodeGen.Tests.ExternalClasses.csproj", "{907C30BD-0984-4D75-8A43-107C98235F65}"
EndProject
Project("{9A19103F-16F7-4668-BE54-9A1E7A4F7556}") = "Uno.Injectable", "Uno.Injectable\Uno.Injectable.csproj", "{5D545289-1318-428E-8ED9-5D5BA9BFE244}"
EndProject
Project("{9A19103F-16F7-4668-BE54-9A1E7A4F7556}") = "Uno.CodeGen.Tests.MinimalDeps", "Uno.CodeGen.Tests.MinimalDeps\Uno.CodeGen.Tests.MinimalDeps.csproj", "{36B61385-CE6D-4493-8AFF-F77F1E4F7CFA}"
EndProject
Project("{9A19103F-16F7-4668-BE54-9A1E7A4F7556}") = "Uno.CodeGen.Tests.JsonDisabled", "Uno.CodeGen.Tests.JsonDisabled\Uno.CodeGen.Tests.JsonDisabled.csproj", "{8A1F7BE0-46F6-455B-8720-5B0698843733}"
EndProject
Project("{D954291E-2A0B-460D-934E-DC6B0785DB48}") = "Uno.CodeGen.RoslynHelpers", "Uno.CodeGen.RoslynHelpers\Uno.CodeGen.RoslynHelpers.shproj", "{F099B362-19D8-450B-B9B2-DCA3CDFCAAB5}"
EndProject
Global
	GlobalSection(SharedMSBuildProjectFiles) = preSolution
		Uno.CodeGen.RoslynHelpers\Uno.CodeGen.RoslynHelpers.projitems*{3f7d2a75-2fbe-4b2c-ab93-1fbf7effe3c9}*SharedItemsImports = 5
		Uno.CodeGen.RoslynHelpers\Uno.CodeGen.RoslynHelpers.projitems*{f099b362-19d8-450b-b9b2-dca3cdfcaab5}*SharedItemsImports = 13
	EndGlobalSection
	GlobalSection(SolutionConfigurationPlatforms) = preSolution
		Debug|Any CPU = Debug|Any CPU
		Release|Any CPU = Release|Any CPU
	EndGlobalSection
	GlobalSection(ProjectConfigurationPlatforms) = postSolution
		{7A05DD54-F3F1-4A48-97A5-1A5F45D9F315}.Debug|Any CPU.ActiveCfg = Debug|Any CPU
		{7A05DD54-F3F1-4A48-97A5-1A5F45D9F315}.Debug|Any CPU.Build.0 = Debug|Any CPU
		{7A05DD54-F3F1-4A48-97A5-1A5F45D9F315}.Release|Any CPU.ActiveCfg = Release|Any CPU
		{7A05DD54-F3F1-4A48-97A5-1A5F45D9F315}.Release|Any CPU.Build.0 = Release|Any CPU
		{AB977C38-BF77-42E2-A10C-335C261E0E03}.Debug|Any CPU.ActiveCfg = Debug|Any CPU
		{AB977C38-BF77-42E2-A10C-335C261E0E03}.Debug|Any CPU.Build.0 = Debug|Any CPU
		{AB977C38-BF77-42E2-A10C-335C261E0E03}.Release|Any CPU.ActiveCfg = Release|Any CPU
		{AB977C38-BF77-42E2-A10C-335C261E0E03}.Release|Any CPU.Build.0 = Release|Any CPU
		{6D6DD983-D919-4CE0-88FC-26FBF34FC763}.Debug|Any CPU.ActiveCfg = Debug|Any CPU
		{6D6DD983-D919-4CE0-88FC-26FBF34FC763}.Debug|Any CPU.Build.0 = Debug|Any CPU
		{6D6DD983-D919-4CE0-88FC-26FBF34FC763}.Release|Any CPU.ActiveCfg = Release|Any CPU
		{6D6DD983-D919-4CE0-88FC-26FBF34FC763}.Release|Any CPU.Build.0 = Release|Any CPU
		{0F785D54-1A9B-4B3A-AEB2-B40FE8C81577}.Debug|Any CPU.ActiveCfg = Debug|Any CPU
		{0F785D54-1A9B-4B3A-AEB2-B40FE8C81577}.Debug|Any CPU.Build.0 = Debug|Any CPU
		{0F785D54-1A9B-4B3A-AEB2-B40FE8C81577}.Release|Any CPU.ActiveCfg = Release|Any CPU
		{0F785D54-1A9B-4B3A-AEB2-B40FE8C81577}.Release|Any CPU.Build.0 = Release|Any CPU
		{00249E44-CF67-4358-AB2C-D55AF528DAC0}.Debug|Any CPU.ActiveCfg = Debug|Any CPU
		{00249E44-CF67-4358-AB2C-D55AF528DAC0}.Debug|Any CPU.Build.0 = Debug|Any CPU
		{00249E44-CF67-4358-AB2C-D55AF528DAC0}.Release|Any CPU.ActiveCfg = Release|Any CPU
		{00249E44-CF67-4358-AB2C-D55AF528DAC0}.Release|Any CPU.Build.0 = Release|Any CPU
		{3F7D2A75-2FBE-4B2C-AB93-1FBF7EFFE3C9}.Debug|Any CPU.ActiveCfg = Debug|Any CPU
		{3F7D2A75-2FBE-4B2C-AB93-1FBF7EFFE3C9}.Debug|Any CPU.Build.0 = Debug|Any CPU
		{3F7D2A75-2FBE-4B2C-AB93-1FBF7EFFE3C9}.Release|Any CPU.ActiveCfg = Release|Any CPU
		{3F7D2A75-2FBE-4B2C-AB93-1FBF7EFFE3C9}.Release|Any CPU.Build.0 = Release|Any CPU
		{907C30BD-0984-4D75-8A43-107C98235F65}.Debug|Any CPU.ActiveCfg = Debug|Any CPU
		{907C30BD-0984-4D75-8A43-107C98235F65}.Debug|Any CPU.Build.0 = Debug|Any CPU
		{907C30BD-0984-4D75-8A43-107C98235F65}.Release|Any CPU.ActiveCfg = Release|Any CPU
		{907C30BD-0984-4D75-8A43-107C98235F65}.Release|Any CPU.Build.0 = Release|Any CPU
		{5D545289-1318-428E-8ED9-5D5BA9BFE244}.Debug|Any CPU.ActiveCfg = Debug|Any CPU
		{5D545289-1318-428E-8ED9-5D5BA9BFE244}.Debug|Any CPU.Build.0 = Debug|Any CPU
		{5D545289-1318-428E-8ED9-5D5BA9BFE244}.Release|Any CPU.ActiveCfg = Release|Any CPU
		{5D545289-1318-428E-8ED9-5D5BA9BFE244}.Release|Any CPU.Build.0 = Release|Any CPU
		{36B61385-CE6D-4493-8AFF-F77F1E4F7CFA}.Debug|Any CPU.ActiveCfg = Debug|Any CPU
		{36B61385-CE6D-4493-8AFF-F77F1E4F7CFA}.Debug|Any CPU.Build.0 = Debug|Any CPU
		{36B61385-CE6D-4493-8AFF-F77F1E4F7CFA}.Release|Any CPU.ActiveCfg = Release|Any CPU
		{36B61385-CE6D-4493-8AFF-F77F1E4F7CFA}.Release|Any CPU.Build.0 = Release|Any CPU
		{8A1F7BE0-46F6-455B-8720-5B0698843733}.Debug|Any CPU.ActiveCfg = Debug|Any CPU
		{8A1F7BE0-46F6-455B-8720-5B0698843733}.Debug|Any CPU.Build.0 = Debug|Any CPU
		{8A1F7BE0-46F6-455B-8720-5B0698843733}.Release|Any CPU.ActiveCfg = Release|Any CPU
		{8A1F7BE0-46F6-455B-8720-5B0698843733}.Release|Any CPU.Build.0 = Release|Any CPU
	EndGlobalSection
	GlobalSection(SolutionProperties) = preSolution
		HideSolutionNode = FALSE
	EndGlobalSection
	GlobalSection(ExtensibilityGlobals) = postSolution
		SolutionGuid = {9F663DEC-A145-475E-A087-347FF527750D}
	EndGlobalSection
EndGlobal
